<?xml version="1.0" encoding="utf-8"?>
<Project ToolsVersion="4.0" xmlns="http://schemas.microsoft.com/developer/msbuild/2003">
  <ItemGroup>
    <Filter Include="Source Files">
      <UniqueIdentifier>{4FC737F1-C7A5-4376-A066-2A32D752A2FF}</UniqueIdentifier>
      <Extensions>cpp;c;cc;cxx;c++;cppm;ixx;def;odl;idl;hpj;bat;asm;asmx</Extensions>
    </Filter>
    <Filter Include="Header Files">
      <UniqueIdentifier>{93995380-89BD-4b04-88EB-625FBE52EBFB}</UniqueIdentifier>
      <Extensions>h;hh;hpp;hxx;h++;hm;inl;inc;ipp;xsd</Extensions>
    </Filter>
    <Filter Include="Resource Files">
      <UniqueIdentifier>{67DA6AB6-F800-4c08-8B7A-83BB121AAD01}</UniqueIdentifier>
      <Extensions>rc;ico;cur;bmp;dlg;rc2;rct;bin;rgs;gif;jpg;jpeg;jpe;resx;tiff;tif;png;wav;mfcribbon-ms</Extensions>
    </Filter>
  </ItemGroup>
  <ItemGroup>
    <ClCompile Include="testing.cpp">
      <Filter>Source Files</Filter>
    </ClCompile>
    <ClCompile Include="src\core\User.cpp">
      <Filter>Source Files</Filter>
    </ClCompile>
    <ClCompile Include="src\core\Admin.cpp">
      <Filter>Source Files</Filter>
    </ClCompile>
    <ClCompile Include="src\core\Client.cpp">
      <Filter>Source Files</Filter>
    </ClCompile>
    <ClCompile Include="src\core\Freelancer.cpp">
      <Filter>Source Files</Filter>
    </ClCompile>
    <ClCompile Include="third_party\sqlite\sqlite3.c">
      <Filter>Source Files</Filter>
    </ClCompile>
    <ClCompile Include="src\main.cpp">
      <Filter>Source Files</Filter>
    </ClCompile>
    <ClCompile Include="src\managers\DatabaseManager.cpp">
      <Filter>Source Files</Filter>
    </ClCompile>
    <ClCompile Include="src\managers\SQLiteUserRepository.cpp">
      <Filter>Source Files</Filter>
    </ClCompile>
    <ClCompile Include="src\utils\SHA256Hasher.cpp">
      <Filter>Source Files</Filter>
    </ClCompile>
    <ClCompile Include="src\utils\BloomFilter.cpp">
      <Filter>Source Files</Filter>
    </ClCompile>
    <ClCompile Include="src\utils\TokenBucket.cpp">
      <Filter>Source Files</Filter>
    </ClCompile>
    <ClCompile Include="src\managers\UserFactory.cpp">
      <Filter>Source Files</Filter>
    </ClCompile>
    <ClCompile Include="src\managers\UserManager.cpp">
      <Filter>Source Files</Filter>
    </ClCompile>
    <ClCompile Include="src\cli\CLIApp.cpp">
      <Filter>Source Files</Filter>
    </ClCompile>
    <ClCompile Include="src\core\Gig.cpp">
      <Filter>Source Files</Filter>
    </ClCompile>
  </ItemGroup>
  <ItemGroup>
    <ClInclude Include="include\core\UserRole.h">
      <Filter>Header Files</Filter>
    </ClInclude>
    <ClInclude Include="include\core\Exceptions.h">
      <Filter>Header Files</Filter>
    </ClInclude>
    <ClInclude Include="include\core\User.h">
      <Filter>Header Files</Filter>
    </ClInclude>
    <ClInclude Include="include\core\Admin.h">
      <Filter>Header Files</Filter>
    </ClInclude>
    <ClInclude Include="include\core\Client.h">
      <Filter>Header Files</Filter>
    </ClInclude>
    <ClInclude Include="include\core\Freelancer.h">
      <Filter>Header Files</Filter>
    </ClInclude>
    <ClInclude Include="include\managers\IUserRepository.h">
      <Filter>Header Files</Filter>
    </ClInclude>
    <ClInclude Include="include\utils\DataList.h">
      <Filter>Header Files</Filter>
    </ClInclude>
    <ClInclude Include="include\managers\DatabaseManager.h">
      <Filter>Header Files</Filter>
    </ClInclude>
    <ClInclude Include="include\managers\SQLiteUserRepository.h">
      <Filter>Header Files</Filter>
    </ClInclude>
    <ClInclude Include="include\utils\SHA256Hasher.h">
      <Filter>Header Files</Filter>
    </ClInclude>
    <ClInclude Include="include\utils\IPasswordHasher.h">
      <Filter>Header Files</Filter>
    </ClInclude>
    <ClInclude Include="include\utils\BloomFilter.h">
      <Filter>Header Files</Filter>
    </ClInclude>
    <ClInclude Include="include\utils\TokenBucket.h">
      <Filter>Header Files</Filter>
    </ClInclude>
    <ClInclude Include="include\managers\UserFactory.h">
      <Filter>Header Files</Filter>
    </ClInclude>
    <ClInclude Include="include\utils\HashMap.h">
      <Filter>Header Files</Filter>
    </ClInclude>
    <ClInclude Include="include\managers\UserManager.h">
      <Filter>Header Files</Filter>
    </ClInclude>
    <ClInclude Include="include\cli\CLIApp.h">
      <Filter>Header Files</Filter>
    </ClInclude>
    <ClInclude Include="include\core\Gig.h">
      <Filter>Header Files</Filter>
    </ClInclude>
    <ClInclude Include="include\core\GigCategory.h">
      <Filter>Header Files</Filter>
    </ClInclude>
  </ItemGroup>
</Project>