<?xml version="1.0" encoding="utf-8"?>
<Project ToolsVersion="4.0" xmlns="http://schemas.microsoft.com/developer/msbuild/2003">
  <ItemGroup>
    <Filter Include="Source Files">
      <UniqueIdentifier>{4FC737F1-C7A5-4376-A066-2A32D752A2FF}</UniqueIdentifier>
      <Extensions>cpp;c;cc;cxx;c++;cppm;ixx;def;odl;idl;hpj;bat;asm;asmx</Extensions>
    </Filter>
    <Filter Include="Header Files">
      <UniqueIdentifier>{93995380-89BD-4b04-88EB-625FBE52EBFB}</UniqueIdentifier>
      <Extensions>h;hh;hpp;hxx;h++;hm;inl;inc;ipp;xsd</Extensions>
    </Filter>
    <Filter Include="Resource Files">
      <UniqueIdentifier>{67DA6AB6-F800-4c08-8B7A-83BB121AAD01}</UniqueIdentifier>
      <Extensions>rc;ico;cur;bmp;dlg;rc2;rct;bin;rgs;gif;jpg;jpeg;jpe;resx;tiff;tif;png;wav;mfcribbon-ms</Extensions>
    </Filter>
  </ItemGroup>
  <ItemGroup>
    <ClCompile Include="src\core\User.cpp">
      <Filter>Source Files</Filter>
    </ClCompile>
    <ClCompile Include="src\core\Admin.cpp">
      <Filter>Source Files</Filter>
    </ClCompile>
    <ClCompile Include="src\core\Client.cpp">
      <Filter>Source Files</Filter>
    </ClCompile>
    <ClCompile Include="src\core\Freelancer.cpp">
      <Filter>Source Files</Filter>
    </ClCompile>
    <ClCompile Include="third_party\sqlite\sqlite3.c">
      <Filter>Source Files</Filter>
    </ClCompile>
    <ClCompile Include="src\main.cpp">
      <Filter>Source Files</Filter>
    </ClCompile>
    <ClCompile Include="src\managers\DatabaseManager.cpp">
      <Filter>Source Files</Filter>
    </ClCompile>
    <ClCompile Include="src\managers\SQLiteUserRepository.cpp">
      <Filter>Source Files</Filter>
    </ClCompile>
    <ClCompile Include="src\utils\SHA256Hasher.cpp">
      <Filter>Source Files</Filter>
    </ClCompile>
    <ClCompile Include="src\utils\BloomFilter.cpp">
      <Filter>Source Files</Filter>
    </ClCompile>
    <ClCompile Include="src\utils\TokenBucket.cpp">
      <Filter>Source Files</Filter>
    </ClCompile>
    <ClCompile Include="src\managers\UserFactory.cpp">
      <Filter>Source Files</Filter>
    </ClCompile>
    <ClCompile Include="src\managers\UserManager.cpp">
      <Filter>Source Files</Filter>
    </ClCompile>
    <ClCompile Include="src\cli\CLIApp.cpp">
      <Filter>Source Files</Filter>
    </ClCompile>
    <ClCompile Include="src\core\Gig.cpp">
      <Filter>Source Files</Filter>
    </ClCompile>
    <ClCompile Include="src\managers\SQLiteGigRepository.cpp">
      <Filter>Source Files</Filter>
    </ClCompile>
    <ClCompile Include="src\utils\Tokenizer.cpp">
      <Filter>Source Files</Filter>
    </ClCompile>
    <ClCompile Include="src\managers\InvertedIndex.cpp">
      <Filter>Source Files</Filter>
    </ClCompile>
    <ClCompile Include="src\managers\TFIDFRanker.cpp">
      <Filter>Source Files</Filter>
    </ClCompile>
    <ClCompile Include="src\managers\LevenshteinMatcher.cpp">
      <Filter>Source Files</Filter>
    </ClCompile>
    <ClCompile Include="src\utils\SoundexEncoder.cpp">
      <Filter>Source Files</Filter>
    </ClCompile>
    <ClCompile Include="src\utils\AutocompleteTrie.cpp">
      <Filter>Source Files</Filter>
    </ClCompile>
    <ClCompile Include="src\managers\GigManager.cpp">
      <Filter>Source Files</Filter>
    </ClCompile>
    <ClCompile Include="src\managers\SeedData.cpp">
      <Filter>Source Files</Filter>
    </ClCompile>
    <ClCompile Include="src\core\Order.cpp">
      <Filter>Source Files</Filter>
    </ClCompile>
    <ClCompile Include="src\core\OrderStatus.cpp">
      <Filter>Source Files</Filter>
    </ClCompile>
    <ClCompile Include="src\managers\OrderStateMachine.cpp">
      <Filter>Source Files</Filter>
    </ClCompile>
    <ClCompile Include="src\managers\SQLiteOrderRepository.cpp">
      <Filter>Source Files</Filter>
    </ClCompile>
    <ClCompile Include="src\managers\CommandHistory.cpp">
      <Filter>Source Files</Filter>
    </ClCompile>
    <ClCompile Include="src\managers\OrderManager.cpp">
      <Filter>Source Files</Filter>
    </ClCompile>
    <ClCompile Include="src\managers\CancelOrderCommand.cpp">
      <Filter>Source Files</Filter>
    </ClCompile>
    <ClCompile Include="src\managers\PlaceOrderCommand.cpp">
      <Filter>Source Files</Filter>
    </ClCompile>
    <ClCompile Include="src\managers\UpdateStatusCommand.cpp">
      <Filter>Source Files</Filter>
    </ClCompile>
    <ClCompile Include="src\api\HttpServer.cpp">
      <Filter>Source Files</Filter>
    </ClCompile>
    <ClCompile Include="src\api\Serializers.cpp">
      <Filter>Source Files</Filter>
    </ClCompile>
    <ClCompile Include="src\core\Endorsement.cpp">
      <Filter>Source Files</Filter>
    </ClCompile>
    <ClCompile Include="src\core\Message.cpp">
      <Filter>Source Files</Filter>
    </ClCompile>
    <ClCompile Include="src\core\Review.cpp">
      <Filter>Source Files</Filter>
    </ClCompile>
    <ClCompile Include="src\managers\MessageManager.cpp">
      <Filter>Source Files</Filter>
    </ClCompile>
    <ClCompile Include="src\managers\ReviewManager.cpp">
      <Filter>Source Files</Filter>
    </ClCompile>
    <ClCompile Include="src\managers\SkillGraphManager.cpp">
      <Filter>Source Files</Filter>
    </ClCompile>
    <ClCompile Include="src\managers\SQLiteEndorsementRepository.cpp">
      <Filter>Source Files</Filter>
    </ClCompile>
    <ClCompile Include="src\managers\SQLiteMessageRepository.cpp">
      <Filter>Source Files</Filter>
    </ClCompile>
    <ClCompile Include="src\managers\SQLiteReviewRepository.cpp">
      <Filter>Source Files</Filter>
    </ClCompile>
    <ClCompile Include="src\strategies\BagOfWordsSentiment.cpp">
      <Filter>Source Files</Filter>
    </ClCompile>
    <ClCompile Include="src\utils\GraphTraverser.cpp">
      <Filter>Source Files</Filter>
    </ClCompile>
    <ClCompile Include="src\utils\HuffmanCoder.cpp">
      <Filter>Source Files</Filter>
    </ClCompile>
    <ClCompile Include="src\utils\PageRankCalculator.cpp">
      <Filter>Source Files</Filter>
    </ClCompile>
    <ClCompile Include="src\utils\SkillGraph.cpp">
      <Filter>Source Files</Filter>
    </ClCompile>
  </ItemGroup>
  <ItemGroup>
    <ClInclude Include="include\core\UserRole.h">
      <Filter>Header Files</Filter>
    </ClInclude>
    <ClInclude Include="include\core\Exceptions.h">
      <Filter>Header Files</Filter>
    </ClInclude>
    <ClInclude Include="include\core\User.h">
      <Filter>Header Files</Filter>
    </ClInclude>
    <ClInclude Include="include\core\Admin.h">
      <Filter>Header Files</Filter>
    </ClInclude>
    <ClInclude Include="include\core\Client.h">
      <Filter>Header Files</Filter>
    </ClInclude>
    <ClInclude Include="include\core\Freelancer.h">
      <Filter>Header Files</Filter>
    </ClInclude>
    <ClInclude Include="include\managers\IUserRepository.h">
      <Filter>Header Files</Filter>
    </ClInclude>
    <ClInclude Include="include\utils\DataList.h">
      <Filter>Header Files</Filter>
    </ClInclude>
    <ClInclude Include="include\managers\DatabaseManager.h">
      <Filter>Header Files</Filter>
    </ClInclude>
    <ClInclude Include="include\managers\SQLiteUserRepository.h">
      <Filter>Header Files</Filter>
    </ClInclude>
    <ClInclude Include="include\utils\SHA256Hasher.h">
      <Filter>Header Files</Filter>
    </ClInclude>
    <ClInclude Include="include\utils\IPasswordHasher.h">
      <Filter>Header Files</Filter>
    </ClInclude>
    <ClInclude Include="include\utils\BloomFilter.h">
      <Filter>Header Files</Filter>
    </ClInclude>
    <ClInclude Include="include\utils\TokenBucket.h">
      <Filter>Header Files</Filter>
    </ClInclude>
    <ClInclude Include="include\managers\UserFactory.h">
      <Filter>Header Files</Filter>
    </ClInclude>
    <ClInclude Include="include\utils\HashMap.h">
      <Filter>Header Files</Filter>
    </ClInclude>
    <ClInclude Include="include\managers\UserManager.h">
      <Filter>Header Files</Filter>
    </ClInclude>
    <ClInclude Include="include\cli\CLIApp.h">
      <Filter>Header Files</Filter>
    </ClInclude>
    <ClInclude Include="include\core\Gig.h">
      <Filter>Header Files</Filter>
    </ClInclude>
    <ClInclude Include="include\core\GigCategory.h">
      <Filter>Header Files</Filter>
    </ClInclude>
    <ClInclude Include="include\managers\IGigRepository.h">
      <Filter>Header Files</Filter>
    </ClInclude>
    <ClInclude Include="include\managers\SQLiteGigRepository.h">
      <Filter>Header Files</Filter>
    </ClInclude>
    <ClInclude Include="include\utils\Tokenizer.h">
      <Filter>Header Files</Filter>
    </ClInclude>
    <ClInclude Include="include\utils\BinarySearch.h">
      <Filter>Header Files</Filter>
    </ClInclude>
    <ClInclude Include="include\utils\Sorting.h">
      <Filter>Header Files</Filter>
    </ClInclude>
    <ClInclude Include="include\managers\InvertedIndex.h">
      <Filter>Header Files</Filter>
    </ClInclude>
    <ClInclude Include="include\managers\ITextRanker.h">
      <Filter>Header Files</Filter>
    </ClInclude>
    <ClInclude Include="include\managers\TFIDFRanker.h">
      <Filter>Header Files</Filter>
    </ClInclude>
    <ClInclude Include="include\managers\IFuzzyMatcher.h">
      <Filter>Header Files</Filter>
    </ClInclude>
    <ClInclude Include="include\managers\LevenshteinMatcher.h">
      <Filter>Header Files</Filter>
    </ClInclude>
    <ClInclude Include="include\utils\SoundexEncoder.h">
      <Filter>Header Files</Filter>
    </ClInclude>
    <ClInclude Include="include\utils\AutocompleteTrie.h">
      <Filter>Header Files</Filter>
    </ClInclude>
    <ClInclude Include="include\utils\MinHeap.h">
      <Filter>Header Files</Filter>
    </ClInclude>
    <ClInclude Include="include\managers\GigManager.h">
      <Filter>Header Files</Filter>
    </ClInclude>
    <ClInclude Include="include\managers\SeedData.h">
      <Filter>Header Files</Filter>
    </ClInclude>
    <ClInclude Include="include\core\Order.h">
      <Filter>Header Files</Filter>
    </ClInclude>
    <ClInclude Include="include\core\OrderStatus.h">
      <Filter>Header Files</Filter>
    </ClInclude>
    <ClInclude Include="include\managers\OrderStateMachine.h">
      <Filter>Header Files</Filter>
    </ClInclude>
    <ClInclude Include="include\managers\IOrderRepository.h">
      <Filter>Header Files</Filter>
    </ClInclude>
    <ClInclude Include="include\managers\SQLiteOrderRepository.h">
      <Filter>Header Files</Filter>
    </ClInclude>
    <ClInclude Include="include\managers\CommandHistory.h">
      <Filter>Header Files</Filter>
    </ClInclude>
    <ClInclude Include="include\managers\ICommand.h">
      <Filter>Header Files</Filter>
    </ClInclude>
    <ClInclude Include="include\managers\OrderManager.h">
      <Filter>Header Files</Filter>
    </ClInclude>
    <ClInclude Include="include\managers\CancelOrderCommand.h">
      <Filter>Header Files</Filter>
    </ClInclude>
    <ClInclude Include="include\managers\PlaceOrderCommand.h">
      <Filter>Header Files</Filter>
    </ClInclude>
    <ClInclude Include="include\managers\UpdateStatusCommand.h">
      <Filter>Header Files</Filter>
    </ClInclude>
    <ClInclude Include="include\api\HttpServer.h">
      <Filter>Header Files</Filter>
    </ClInclude>
    <ClInclude Include="include\api\Serializers.h">
      <Filter>Header Files</Filter>
    </ClInclude>
    <ClInclude Include="include\core\Endorsement.h">
      <Filter>Header Files</Filter>
    </ClInclude>
    <ClInclude Include="include\core\Message.h">
      <Filter>Header Files</Filter>
    </ClInclude>
    <ClInclude Include="include\core\Review.h">
      <Filter>Header Files</Filter>
    </ClInclude>
    <ClInclude Include="include\httplib.h">
      <Filter>Header Files</Filter>
    </ClInclude>
    <ClInclude Include="include\json.hpp">
      <Filter>Header Files</Filter>
    </ClInclude>
    <ClInclude Include="include\managers\IEndorsementRepository.h">
      <Filter>Header Files</Filter>
    </ClInclude>
    <ClInclude Include="include\managers\IMessageRepository.h">
      <Filter>Header Files</Filter>
    </ClInclude>
    <ClInclude Include="include\managers\IReviewRepository.h">
      <Filter>Header Files</Filter>
    </ClInclude>
    <ClInclude Include="include\managers\MessageManager.h">
      <Filter>Header Files</Filter>
    </ClInclude>
    <ClInclude Include="include\managers\ReviewManager.h">
      <Filter>Header Files</Filter>
    </ClInclude>
    <ClInclude Include="include\managers\SkillGraphManager.h">
      <Filter>Header Files</Filter>
    </ClInclude>
    <ClInclude Include="include\managers\SQLiteEndorsementRepository.h">
      <Filter>Header Files</Filter>
    </ClInclude>
    <ClInclude Include="include\managers\SQLiteMessageRepository.h">
      <Filter>Header Files</Filter>
    </ClInclude>
    <ClInclude Include="include\managers\SQLiteReviewRepository.h">
      <Filter>Header Files</Filter>
    </ClInclude>
    <ClInclude Include="include\strategies\BagOfWordsSentiment.h">
      <Filter>Header Files</Filter>
    </ClInclude>
    <ClInclude Include="include\strategies\ISentimentAnalyzer.h">
      <Filter>Header Files</Filter>
    </ClInclude>
    <ClInclude Include="include\utils\GraphTraverser.h">
      <Filter>Header Files</Filter>
    </ClInclude>
    <ClInclude Include="include\utils\HuffmanCoder.h">
      <Filter>Header Files</Filter>
    </ClInclude>
    <ClInclude Include="include\utils\LRUCache.h">
      <Filter>Header Files</Filter>
    </ClInclude>
    <ClInclude Include="include\utils\PageRankCalculator.h">
      <Filter>Header Files</Filter>
    </ClInclude>
    <ClInclude Include="include\utils\SkillGraph.h">
      <Filter>Header Files</Filter>
    </ClInclude>
    <ClInclude Include="include\core\GigBrowseFilter.h">
      <Filter>Header Files</Filter>
    </ClInclude>
  </ItemGroup>
  <ItemGroup>
    <None Include="public\index.html" />
    <None Include="public\css\shared.css" />
    <None Include="public\js\admin.js" />
    <None Include="public\js\browse.js" />
    <None Include="public\js\endorsements.js" />
    <None Include="public\js\gig-edit.js" />
    <None Include="public\js\gig.js" />
    <None Include="public\js\messages.js" />
    <None Include="public\js\orders.js" />
    <None Include="public\js\profile.js" />
    <None Include="public\js\search.js" />
    <None Include="public\js\shared.js" />
    <None Include="public\admin.html" />
    <None Include="public\browse.html" />
    <None Include="public\endorsements.html" />
    <None Include="public\gig-edit.html" />
    <None Include="public\gig.html" />
    <None Include="public\messages.html" />
    <None Include="public\orders.html" />
    <None Include="public\profile.html" />
    <None Include="public\search.html" />
    <None Include="public\js\my-gigs.js" />
    <None Include="public\my-gigs.html" />
  </ItemGroup>
</Project>